{
  "sources": {
    "ktc-utils": {
      "path": "."
    },
    "openstack-common": {
      "locked_version": "0.4.3",
      "git": "git://github.com/stackforge/cookbook-openstack-common.git",
      "ref": "eb5eed7126b6a6efbaf803e8a594d610cf661e97"
    },
    "chef-solo-search": {
      "locked_version": "0.4.0",
      "git": "git://github.com/edelight/chef-solo-search.git",
      "ref": "1f79c1d86e85aa3a2b01e15f90755cf60eb66a4f"
    },
    "etcd": {
      "locked_version": "1.2.3"
    },
    "ark": {
      "locked_version": "0.3.0"
    },
    "apt": {
      "locked_version": "2.1.0"
    },
    "database": {
      "locked_version": "1.4.0"
    },
    "mysql": {
      "locked_version": "3.0.2"
    },
    "openssl": {
      "locked_version": "1.0.2"
    },
    "build-essential": {
      "locked_version": "1.4.0"
    },
    "postgresql": {
      "locked_version": "3.0.2"
    },
    "aws": {
      "locked_version": "0.101.2"
    },
    "xfs": {
      "locked_version": "1.1.0"
    }
  }
}
