{
  "sources": {
    "ktc-utils": {
      "path": "."
    },
    "ktc-etcd": {
      "locked_version": "1.1.4",
      "git": "git://github.com/cloudware-cookbooks/ktc-etcd.git",
      "ref": "6daab4a5eee14842e818ba30cc6bc9c88d61fe32"
    },
    "services": {
      "locked_version": "1.0.10",
      "git": "git://github.com/spheromak/services-cookbook.git",
      "ref": "f5f2cc911e3fb1832a457552cb98d81c3a645c9b"
    },
    "openstack-common": {
      "locked_version": "0.4.3",
      "git": "git://github.com/stackforge/cookbook-openstack-common.git",
      "ref": "eb5eed7126b6a6efbaf803e8a594d610cf661e97"
    },
    "etcd": {
      "locked_version": "1.2.4"
    },
    "ark": {
      "locked_version": "0.3.0"
    },
    "apt": {
      "locked_version": "2.1.0"
    },
    "database": {
      "locked_version": "1.4.0"
    },
    "mysql": {
      "locked_version": "3.0.4"
    },
    "openssl": {
      "locked_version": "1.1.0"
    },
    "build-essential": {
      "locked_version": "1.4.0"
    },
    "postgresql": {
      "locked_version": "3.0.4"
    },
    "aws": {
      "locked_version": "0.101.4"
    },
    "xfs": {
      "locked_version": "1.1.0"
    }
  }
}
